// !$*UTF8*$!
{
	archiveVersion = 1;
	classes = {
	};
	objectVersion = 50;
	objects = {

/* Begin PBXBuildFile section */
		11F05C9526C7A61F0056041B /* AppDelegate.swift in Sources */ = {isa = PBXBuildFile; fileRef = 11F05C9426C7A61F0056041B /* AppDelegate.swift */; };
		11F05C9726C7A61F0056041B /* SceneDelegate.swift in Sources */ = {isa = PBXBuildFile; fileRef = 11F05C9626C7A61F0056041B /* SceneDelegate.swift */; };
		11F05C9926C7A61F0056041B /* ViewController.swift in Sources */ = {isa = PBXBuildFile; fileRef = 11F05C9826C7A61F0056041B /* ViewController.swift */; };
		11F05C9C26C7A61F0056041B /* Main.storyboard in Resources */ = {isa = PBXBuildFile; fileRef = 11F05C9A26C7A61F0056041B /* Main.storyboard */; };
		11F05C9E26C7A6200056041B /* Assets.xcassets in Resources */ = {isa = PBXBuildFile; fileRef = 11F05C9D26C7A6200056041B /* Assets.xcassets */; };
		11F05CA126C7A6200056041B /* LaunchScreen.storyboard in Resources */ = {isa = PBXBuildFile; fileRef = 11F05C9F26C7A6200056041B /* LaunchScreen.storyboard */; };
		11F05CAC26C7A6210056041B /* SMCompositionalLayoutTutorialTests.swift in Sources */ = {isa = PBXBuildFile; fileRef = 11F05CAB26C7A6210056041B /* SMCompositionalLayoutTutorialTests.swift */; };
		11F05CB726C7A6210056041B /* SMCompositionalLayoutTutorialUITests.swift in Sources */ = {isa = PBXBuildFile; fileRef = 11F05CB626C7A6210056041B /* SMCompositionalLayoutTutorialUITests.swift */; };
		11F05CC726C7AC320056041B /* Autolayout+Extensions.swift in Sources */ = {isa = PBXBuildFile; fileRef = 11F05CC626C7AC320056041B /* Autolayout+Extensions.swift */; };
		11F05CCA26C7B13D0056041B /* SMDataSourceWithCompositionalLayout.swift in Sources */ = {isa = PBXBuildFile; fileRef = 11F05CC926C7B13D0056041B /* SMDataSourceWithCompositionalLayout.swift */; };
		11F05CCE26C7BEE20056041B /* PhotoCollectionViewCell.swift in Sources */ = {isa = PBXBuildFile; fileRef = 11F05CCC26C7BEE20056041B /* PhotoCollectionViewCell.swift */; };
		11F05CCF26C7BEE20056041B /* PhotoCollectionViewCell.xib in Resources */ = {isa = PBXBuildFile; fileRef = 11F05CCD26C7BEE20056041B /* PhotoCollectionViewCell.xib */; };
		11F05CD526C8234C0056041B /* HeaderSupplementaryView.swift in Sources */ = {isa = PBXBuildFile; fileRef = 11F05CD326C8234C0056041B /* HeaderSupplementaryView.swift */; };
		11F05CD626C8234D0056041B /* HeaderSupplementaryView.xib in Resources */ = {isa = PBXBuildFile; fileRef = 11F05CD426C8234C0056041B /* HeaderSupplementaryView.xib */; };
		11F05CD926C82D650056041B /* NewPhotoSupplementaryView.swift in Sources */ = {isa = PBXBuildFile; fileRef = 11F05CD726C82D650056041B /* NewPhotoSupplementaryView.swift */; };
		11F05CDA26C82D650056041B /* NewPhotoSupplementaryView.xib in Resources */ = {isa = PBXBuildFile; fileRef = 11F05CD826C82D650056041B /* NewPhotoSupplementaryView.xib */; };
		11F05CDC26C838630056041B /* SMDataSourceWithFlowLayout.swift in Sources */ = {isa = PBXBuildFile; fileRef = 11F05CDB26C838630056041B /* SMDataSourceWithFlowLayout.swift */; };
		11F0DEEA26C9536C001DFE6A /* BackgroundSupplementaryView.swift in Sources */ = {isa = PBXBuildFile; fileRef = 11F0DEE926C9536C001DFE6A /* BackgroundSupplementaryView.swift */; };
/* End PBXBuildFile section */

/* Begin PBXContainerItemProxy section */
		11F05CA826C7A6210056041B /* PBXContainerItemProxy */ = {
			isa = PBXContainerItemProxy;
			containerPortal = 11F05C8926C7A61F0056041B /* Project object */;
			proxyType = 1;
			remoteGlobalIDString = 11F05C9026C7A61F0056041B;
			remoteInfo = SMCompositionalLayoutTutorial;
		};
		11F05CB326C7A6210056041B /* PBXContainerItemProxy */ = {
			isa = PBXContainerItemProxy;
			containerPortal = 11F05C8926C7A61F0056041B /* Project object */;
			proxyType = 1;
			remoteGlobalIDString = 11F05C9026C7A61F0056041B;
			remoteInfo = SMCompositionalLayoutTutorial;
		};
/* End PBXContainerItemProxy section */

/* Begin PBXFileReference section */
		11F05C9126C7A61F0056041B /* SMCompositionalLayoutTutorial.app */ = {isa = PBXFileReference; explicitFileType = wrapper.application; includeInIndex = 0; path = SMCompositionalLayoutTutorial.app; sourceTree = BUILT_PRODUCTS_DIR; };
		11F05C9426C7A61F0056041B /* AppDelegate.swift */ = {isa = PBXFileReference; lastKnownFileType = sourcecode.swift; path = AppDelegate.swift; sourceTree = "<group>"; };
		11F05C9626C7A61F0056041B /* SceneDelegate.swift */ = {isa = PBXFileReference; lastKnownFileType = sourcecode.swift; path = SceneDelegate.swift; sourceTree = "<group>"; };
		11F05C9826C7A61F0056041B /* ViewController.swift */ = {isa = PBXFileReference; lastKnownFileType = sourcecode.swift; path = ViewController.swift; sourceTree = "<group>"; };
		11F05C9B26C7A61F0056041B /* Base */ = {isa = PBXFileReference; lastKnownFileType = file.storyboard; name = Base; path = Base.lproj/Main.storyboard; sourceTree = "<group>"; };
		11F05C9D26C7A6200056041B /* Assets.xcassets */ = {isa = PBXFileReference; lastKnownFileType = folder.assetcatalog; path = Assets.xcassets; sourceTree = "<group>"; };
		11F05CA026C7A6200056041B /* Base */ = {isa = PBXFileReference; lastKnownFileType = file.storyboard; name = Base; path = Base.lproj/LaunchScreen.storyboard; sourceTree = "<group>"; };
		11F05CA226C7A6200056041B /* Info.plist */ = {isa = PBXFileReference; lastKnownFileType = text.plist.xml; path = Info.plist; sourceTree = "<group>"; };
		11F05CA726C7A6210056041B /* SMCompositionalLayoutTutorialTests.xctest */ = {isa = PBXFileReference; explicitFileType = wrapper.cfbundle; includeInIndex = 0; path = SMCompositionalLayoutTutorialTests.xctest; sourceTree = BUILT_PRODUCTS_DIR; };
		11F05CAB26C7A6210056041B /* SMCompositionalLayoutTutorialTests.swift */ = {isa = PBXFileReference; lastKnownFileType = sourcecode.swift; path = SMCompositionalLayoutTutorialTests.swift; sourceTree = "<group>"; };
		11F05CAD26C7A6210056041B /* Info.plist */ = {isa = PBXFileReference; lastKnownFileType = text.plist.xml; path = Info.plist; sourceTree = "<group>"; };
		11F05CB226C7A6210056041B /* SMCompositionalLayoutTutorialUITests.xctest */ = {isa = PBXFileReference; explicitFileType = wrapper.cfbundle; includeInIndex = 0; path = SMCompositionalLayoutTutorialUITests.xctest; sourceTree = BUILT_PRODUCTS_DIR; };
		11F05CB626C7A6210056041B /* SMCompositionalLayoutTutorialUITests.swift */ = {isa = PBXFileReference; lastKnownFileType = sourcecode.swift; path = SMCompositionalLayoutTutorialUITests.swift; sourceTree = "<group>"; };
		11F05CB826C7A6210056041B /* Info.plist */ = {isa = PBXFileReference; lastKnownFileType = text.plist.xml; path = Info.plist; sourceTree = "<group>"; };
		11F05CC626C7AC320056041B /* Autolayout+Extensions.swift */ = {isa = PBXFileReference; lastKnownFileType = sourcecode.swift; path = "Autolayout+Extensions.swift"; sourceTree = "<group>"; };
		11F05CC926C7B13D0056041B /* SMDataSourceWithCompositionalLayout.swift */ = {isa = PBXFileReference; lastKnownFileType = sourcecode.swift; path = SMDataSourceWithCompositionalLayout.swift; sourceTree = "<group>"; };
		11F05CCC26C7BEE20056041B /* PhotoCollectionViewCell.swift */ = {isa = PBXFileReference; lastKnownFileType = sourcecode.swift; path = PhotoCollectionViewCell.swift; sourceTree = "<group>"; };
		11F05CCD26C7BEE20056041B /* PhotoCollectionViewCell.xib */ = {isa = PBXFileReference; lastKnownFileType = file.xib; path = PhotoCollectionViewCell.xib; sourceTree = "<group>"; };
		11F05CD326C8234C0056041B /* HeaderSupplementaryView.swift */ = {isa = PBXFileReference; lastKnownFileType = sourcecode.swift; path = HeaderSupplementaryView.swift; sourceTree = "<group>"; };
		11F05CD426C8234C0056041B /* HeaderSupplementaryView.xib */ = {isa = PBXFileReference; lastKnownFileType = file.xib; path = HeaderSupplementaryView.xib; sourceTree = "<group>"; };
		11F05CD726C82D650056041B /* NewPhotoSupplementaryView.swift */ = {isa = PBXFileReference; lastKnownFileType = sourcecode.swift; path = NewPhotoSupplementaryView.swift; sourceTree = "<group>"; };
		11F05CD826C82D650056041B /* NewPhotoSupplementaryView.xib */ = {isa = PBXFileReference; lastKnownFileType = file.xib; path = NewPhotoSupplementaryView.xib; sourceTree = "<group>"; };
		11F05CDB26C838630056041B /* SMDataSourceWithFlowLayout.swift */ = {isa = PBXFileReference; lastKnownFileType = sourcecode.swift; path = SMDataSourceWithFlowLayout.swift; sourceTree = "<group>"; };
		11F0DEE926C9536C001DFE6A /* BackgroundSupplementaryView.swift */ = {isa = PBXFileReference; lastKnownFileType = sourcecode.swift; path = BackgroundSupplementaryView.swift; sourceTree = "<group>"; };
/* End PBXFileReference section */

/* Begin PBXFrameworksBuildPhase section */
		11F05C8E26C7A61F0056041B /* Frameworks */ = {
			isa = PBXFrameworksBuildPhase;
			buildActionMask = 2147483647;
			files = (
			);
			runOnlyForDeploymentPostprocessing = 0;
		};
		11F05CA426C7A6210056041B /* Frameworks */ = {
			isa = PBXFrameworksBuildPhase;
			buildActionMask = 2147483647;
			files = (
			);
			runOnlyForDeploymentPostprocessing = 0;
		};
		11F05CAF26C7A6210056041B /* Frameworks */ = {
			isa = PBXFrameworksBuildPhase;
			buildActionMask = 2147483647;
			files = (
			);
			runOnlyForDeploymentPostprocessing = 0;
		};
/* End PBXFrameworksBuildPhase section */

/* Begin PBXGroup section */
		11F05C8826C7A61F0056041B = {
			isa = PBXGroup;
			children = (
				11F05C9326C7A61F0056041B /* SMCompositionalLayoutTutorial */,
				11F05CAA26C7A6210056041B /* SMCompositionalLayoutTutorialTests */,
				11F05CB526C7A6210056041B /* SMCompositionalLayoutTutorialUITests */,
				11F05C9226C7A61F0056041B /* Products */,
			);
			sourceTree = "<group>";
		};
		11F05C9226C7A61F0056041B /* Products */ = {
			isa = PBXGroup;
			children = (
				11F05C9126C7A61F0056041B /* SMCompositionalLayoutTutorial.app */,
				11F05CA726C7A6210056041B /* SMCompositionalLayoutTutorialTests.xctest */,
				11F05CB226C7A6210056041B /* SMCompositionalLayoutTutorialUITests.xctest */,
			);
			name = Products;
			sourceTree = "<group>";
		};
		11F05C9326C7A61F0056041B /* SMCompositionalLayoutTutorial */ = {
			isa = PBXGroup;
			children = (
				11F05CD026C8227D0056041B /* ReusableViews */,
				11F05CCB26C7BECB0056041B /* Cells */,
				11F05CC826C7B1230056041B /* DataSource */,
				11F05CC526C7AC140056041B /* Extensions */,
				11F05C9426C7A61F0056041B /* AppDelegate.swift */,
				11F05C9626C7A61F0056041B /* SceneDelegate.swift */,
				11F05C9826C7A61F0056041B /* ViewController.swift */,
				11F05C9A26C7A61F0056041B /* Main.storyboard */,
				11F05C9D26C7A6200056041B /* Assets.xcassets */,
				11F05C9F26C7A6200056041B /* LaunchScreen.storyboard */,
				11F05CA226C7A6200056041B /* Info.plist */,
			);
			path = SMCompositionalLayoutTutorial;
			sourceTree = "<group>";
		};
		11F05CAA26C7A6210056041B /* SMCompositionalLayoutTutorialTests */ = {
			isa = PBXGroup;
			children = (
				11F05CAB26C7A6210056041B /* SMCompositionalLayoutTutorialTests.swift */,
				11F05CAD26C7A6210056041B /* Info.plist */,
			);
			path = SMCompositionalLayoutTutorialTests;
			sourceTree = "<group>";
		};
		11F05CB526C7A6210056041B /* SMCompositionalLayoutTutorialUITests */ = {
			isa = PBXGroup;
			children = (
				11F05CB626C7A6210056041B /* SMCompositionalLayoutTutorialUITests.swift */,
				11F05CB826C7A6210056041B /* Info.plist */,
			);
			path = SMCompositionalLayoutTutorialUITests;
			sourceTree = "<group>";
		};
		11F05CC526C7AC140056041B /* Extensions */ = {
			isa = PBXGroup;
			children = (
				11F05CC626C7AC320056041B /* Autolayout+Extensions.swift */,
			);
			path = Extensions;
			sourceTree = "<group>";
		};
		11F05CC826C7B1230056041B /* DataSource */ = {
			isa = PBXGroup;
			children = (
				11F05CC926C7B13D0056041B /* SMDataSourceWithCompositionalLayout.swift */,
				11F05CDB26C838630056041B /* SMDataSourceWithFlowLayout.swift */,
			);
			path = DataSource;
			sourceTree = "<group>";
		};
		11F05CCB26C7BECB0056041B /* Cells */ = {
			isa = PBXGroup;
			children = (
				11F05CCC26C7BEE20056041B /* PhotoCollectionViewCell.swift */,
				11F05CCD26C7BEE20056041B /* PhotoCollectionViewCell.xib */,
			);
			path = Cells;
			sourceTree = "<group>";
		};
		11F05CD026C8227D0056041B /* ReusableViews */ = {
			isa = PBXGroup;
			children = (
				11F05CD326C8234C0056041B /* HeaderSupplementaryView.swift */,
				11F05CD426C8234C0056041B /* HeaderSupplementaryView.xib */,
				11F05CD726C82D650056041B /* NewPhotoSupplementaryView.swift */,
				11F05CD826C82D650056041B /* NewPhotoSupplementaryView.xib */,
				11F0DEE926C9536C001DFE6A /* BackgroundSupplementaryView.swift */,
			);
			path = ReusableViews;
			sourceTree = "<group>";
		};
/* End PBXGroup section */

/* Begin PBXNativeTarget section */
		11F05C9026C7A61F0056041B /* SMCompositionalLayoutTutorial */ = {
			isa = PBXNativeTarget;
			buildConfigurationList = 11F05CBB26C7A6210056041B /* Build configuration list for PBXNativeTarget "SMCompositionalLayoutTutorial" */;
			buildPhases = (
				11F05C8D26C7A61F0056041B /* Sources */,
				11F05C8E26C7A61F0056041B /* Frameworks */,
				11F05C8F26C7A61F0056041B /* Resources */,
			);
			buildRules = (
			);
			dependencies = (
			);
			name = SMCompositionalLayoutTutorial;
			productName = SMCompositionalLayoutTutorial;
			productReference = 11F05C9126C7A61F0056041B /* SMCompositionalLayoutTutorial.app */;
			productType = "com.apple.product-type.application";
		};
		11F05CA626C7A6210056041B /* SMCompositionalLayoutTutorialTests */ = {
			isa = PBXNativeTarget;
			buildConfigurationList = 11F05CBE26C7A6210056041B /* Build configuration list for PBXNativeTarget "SMCompositionalLayoutTutorialTests" */;
			buildPhases = (
				11F05CA326C7A6210056041B /* Sources */,
				11F05CA426C7A6210056041B /* Frameworks */,
				11F05CA526C7A6210056041B /* Resources */,
			);
			buildRules = (
			);
			dependencies = (
				11F05CA926C7A6210056041B /* PBXTargetDependency */,
			);
			name = SMCompositionalLayoutTutorialTests;
			productName = SMCompositionalLayoutTutorialTests;
			productReference = 11F05CA726C7A6210056041B /* SMCompositionalLayoutTutorialTests.xctest */;
			productType = "com.apple.product-type.bundle.unit-test";
		};
		11F05CB126C7A6210056041B /* SMCompositionalLayoutTutorialUITests */ = {
			isa = PBXNativeTarget;
			buildConfigurationList = 11F05CC126C7A6210056041B /* Build configuration list for PBXNativeTarget "SMCompositionalLayoutTutorialUITests" */;
			buildPhases = (
				11F05CAE26C7A6210056041B /* Sources */,
				11F05CAF26C7A6210056041B /* Frameworks */,
				11F05CB026C7A6210056041B /* Resources */,
			);
			buildRules = (
			);
			dependencies = (
				11F05CB426C7A6210056041B /* PBXTargetDependency */,
			);
			name = SMCompositionalLayoutTutorialUITests;
			productName = SMCompositionalLayoutTutorialUITests;
			productReference = 11F05CB226C7A6210056041B /* SMCompositionalLayoutTutorialUITests.xctest */;
			productType = "com.apple.product-type.bundle.ui-testing";
		};
/* End PBXNativeTarget section */

/* Begin PBXProject section */
		11F05C8926C7A61F0056041B /* Project object */ = {
			isa = PBXProject;
			attributes = {
				LastSwiftUpdateCheck = 1250;
				LastUpgradeCheck = 1250;
				TargetAttributes = {
					11F05C9026C7A61F0056041B = {
						CreatedOnToolsVersion = 12.5.1;
					};
					11F05CA626C7A6210056041B = {
						CreatedOnToolsVersion = 12.5.1;
						TestTargetID = 11F05C9026C7A61F0056041B;
					};
					11F05CB126C7A6210056041B = {
						CreatedOnToolsVersion = 12.5.1;
						TestTargetID = 11F05C9026C7A61F0056041B;
					};
				};
			};
			buildConfigurationList = 11F05C8C26C7A61F0056041B /* Build configuration list for PBXProject "SMCompositionalLayoutTutorial" */;
			compatibilityVersion = "Xcode 9.3";
			developmentRegion = en;
			hasScannedForEncodings = 0;
			knownRegions = (
				en,
				Base,
			);
			mainGroup = 11F05C8826C7A61F0056041B;
			productRefGroup = 11F05C9226C7A61F0056041B /* Products */;
			projectDirPath = "";
			projectRoot = "";
			targets = (
				11F05C9026C7A61F0056041B /* SMCompositionalLayoutTutorial */,
				11F05CA626C7A6210056041B /* SMCompositionalLayoutTutorialTests */,
				11F05CB126C7A6210056041B /* SMCompositionalLayoutTutorialUITests */,
			);
		};
/* End PBXProject section */

/* Begin PBXResourcesBuildPhase section */
		11F05C8F26C7A61F0056041B /* Resources */ = {
			isa = PBXResourcesBuildPhase;
			buildActionMask = 2147483647;
			files = (
				11F05CA126C7A6200056041B /* LaunchScreen.storyboard in Resources */,
				11F05CCF26C7BEE20056041B /* PhotoCollectionViewCell.xib in Resources */,
				11F05C9E26C7A6200056041B /* Assets.xcassets in Resources */,
				11F05CD626C8234D0056041B /* HeaderSupplementaryView.xib in Resources */,
				11F05CDA26C82D650056041B /* NewPhotoSupplementaryView.xib in Resources */,
				11F05C9C26C7A61F0056041B /* Main.storyboard in Resources */,
			);
			runOnlyForDeploymentPostprocessing = 0;
		};
		11F05CA526C7A6210056041B /* Resources */ = {
			isa = PBXResourcesBuildPhase;
			buildActionMask = 2147483647;
			files = (
			);
			runOnlyForDeploymentPostprocessing = 0;
		};
		11F05CB026C7A6210056041B /* Resources */ = {
			isa = PBXResourcesBuildPhase;
			buildActionMask = 2147483647;
			files = (
			);
			runOnlyForDeploymentPostprocessing = 0;
		};
/* End PBXResourcesBuildPhase section */

/* Begin PBXSourcesBuildPhase section */
		11F05C8D26C7A61F0056041B /* Sources */ = {
			isa = PBXSourcesBuildPhase;
			buildActionMask = 2147483647;
			files = (
				11F05CC726C7AC320056041B /* Autolayout+Extensions.swift in Sources */,
				11F05CCA26C7B13D0056041B /* SMDataSourceWithCompositionalLayout.swift in Sources */,
				11F0DEEA26C9536C001DFE6A /* BackgroundSupplementaryView.swift in Sources */,
				11F05CD926C82D650056041B /* NewPhotoSupplementaryView.swift in Sources */,
				11F05CD526C8234C0056041B /* HeaderSupplementaryView.swift in Sources */,
				11F05C9926C7A61F0056041B /* ViewController.swift in Sources */,
				11F05CDC26C838630056041B /* SMDataSourceWithFlowLayout.swift in Sources */,
				11F05C9526C7A61F0056041B /* AppDelegate.swift in Sources */,
				11F05C9726C7A61F0056041B /* SceneDelegate.swift in Sources */,
				11F05CCE26C7BEE20056041B /* PhotoCollectionViewCell.swift in Sources */,
			);
			runOnlyForDeploymentPostprocessing = 0;
		};
		11F05CA326C7A6210056041B /* Sources */ = {
			isa = PBXSourcesBuildPhase;
			buildActionMask = 2147483647;
			files = (
				11F05CAC26C7A6210056041B /* SMCompositionalLayoutTutorialTests.swift in Sources */,
			);
			runOnlyForDeploymentPostprocessing = 0;
		};
		11F05CAE26C7A6210056041B /* Sources */ = {
			isa = PBXSourcesBuildPhase;
			buildActionMask = 2147483647;
			files = (
				11F05CB726C7A6210056041B /* SMCompositionalLayoutTutorialUITests.swift in Sources */,
			);
			runOnlyForDeploymentPostprocessing = 0;
		};
/* End PBXSourcesBuildPhase section */

/* Begin PBXTargetDependency section */
		11F05CA926C7A6210056041B /* PBXTargetDependency */ = {
			isa = PBXTargetDependency;
			target = 11F05C9026C7A61F0056041B /* SMCompositionalLayoutTutorial */;
			targetProxy = 11F05CA826C7A6210056041B /* PBXContainerItemProxy */;
		};
		11F05CB426C7A6210056041B /* PBXTargetDependency */ = {
			isa = PBXTargetDependency;
			target = 11F05C9026C7A61F0056041B /* SMCompositionalLayoutTutorial */;
			targetProxy = 11F05CB326C7A6210056041B /* PBXContainerItemProxy */;
		};
/* End PBXTargetDependency section */

/* Begin PBXVariantGroup section */
		11F05C9A26C7A61F0056041B /* Main.storyboard */ = {
			isa = PBXVariantGroup;
			children = (
				11F05C9B26C7A61F0056041B /* Base */,
			);
			name = Main.storyboard;
			sourceTree = "<group>";
		};
		11F05C9F26C7A6200056041B /* LaunchScreen.storyboard */ = {
			isa = PBXVariantGroup;
			children = (
				11F05CA026C7A6200056041B /* Base */,
			);
			name = LaunchScreen.storyboard;
			sourceTree = "<group>";
		};
/* End PBXVariantGroup section */

/* Begin XCBuildConfiguration section */
		11F05CB926C7A6210056041B /* Debug */ = {
			isa = XCBuildConfiguration;
			buildSettings = {
				ALWAYS_SEARCH_USER_PATHS = NO;
				CLANG_ANALYZER_NONNULL = YES;
				CLANG_ANALYZER_NUMBER_OBJECT_CONVERSION = YES_AGGRESSIVE;
				CLANG_CXX_LANGUAGE_STANDARD = "gnu++14";
				CLANG_CXX_LIBRARY = "libc++";
				CLANG_ENABLE_MODULES = YES;
				CLANG_ENABLE_OBJC_ARC = YES;
				CLANG_ENABLE_OBJC_WEAK = YES;
				CLANG_WARN_BLOCK_CAPTURE_AUTORELEASING = YES;
				CLANG_WARN_BOOL_CONVERSION = YES;
				CLANG_WARN_COMMA = YES;
				CLANG_WARN_CONSTANT_CONVERSION = YES;
				CLANG_WARN_DEPRECATED_OBJC_IMPLEMENTATIONS = YES;
				CLANG_WARN_DIRECT_OBJC_ISA_USAGE = YES_ERROR;
				CLANG_WARN_DOCUMENTATION_COMMENTS = YES;
				CLANG_WARN_EMPTY_BODY = YES;
				CLANG_WARN_ENUM_CONVERSION = YES;
				CLANG_WARN_INFINITE_RECURSION = YES;
				CLANG_WARN_INT_CONVERSION = YES;
				CLANG_WARN_NON_LITERAL_NULL_CONVERSION = YES;
				CLANG_WARN_OBJC_IMPLICIT_RETAIN_SELF = YES;
				CLANG_WARN_OBJC_LITERAL_CONVERSION = YES;
				CLANG_WARN_OBJC_ROOT_CLASS = YES_ERROR;
				CLANG_WARN_QUOTED_INCLUDE_IN_FRAMEWORK_HEADER = YES;
				CLANG_WARN_RANGE_LOOP_ANALYSIS = YES;
				CLANG_WARN_STRICT_PROTOTYPES = YES;
				CLANG_WARN_SUSPICIOUS_MOVE = YES;
				CLANG_WARN_UNGUARDED_AVAILABILITY = YES_AGGRESSIVE;
				CLANG_WARN_UNREACHABLE_CODE = YES;
				CLANG_WARN__DUPLICATE_METHOD_MATCH = YES;
				COPY_PHASE_STRIP = NO;
				DEBUG_INFORMATION_FORMAT = dwarf;
				ENABLE_STRICT_OBJC_MSGSEND = YES;
				ENABLE_TESTABILITY = YES;
				GCC_C_LANGUAGE_STANDARD = gnu11;
				GCC_DYNAMIC_NO_PIC = NO;
				GCC_NO_COMMON_BLOCKS = YES;
				GCC_OPTIMIZATION_LEVEL = 0;
				GCC_PREPROCESSOR_DEFINITIONS = (
					"DEBUG=1",
					"$(inherited)",
				);
				GCC_WARN_64_TO_32_BIT_CONVERSION = YES;
				GCC_WARN_ABOUT_RETURN_TYPE = YES_ERROR;
				GCC_WARN_UNDECLARED_SELECTOR = YES;
				GCC_WARN_UNINITIALIZED_AUTOS = YES_AGGRESSIVE;
				GCC_WARN_UNUSED_FUNCTION = YES;
				GCC_WARN_UNUSED_VARIABLE = YES;
				IPHONEOS_DEPLOYMENT_TARGET = 14.5;
				MTL_ENABLE_DEBUG_INFO = INCLUDE_SOURCE;
				MTL_FAST_MATH = YES;
				ONLY_ACTIVE_ARCH = YES;
				SDKROOT = iphoneos;
				SWIFT_ACTIVE_COMPILATION_CONDITIONS = DEBUG;
				SWIFT_OPTIMIZATION_LEVEL = "-Onone";
			};
			name = Debug;
		};
		11F05CBA26C7A6210056041B /* Release */ = {
			isa = XCBuildConfiguration;
			buildSettings = {
				ALWAYS_SEARCH_USER_PATHS = NO;
				CLANG_ANALYZER_NONNULL = YES;
				CLANG_ANALYZER_NUMBER_OBJECT_CONVERSION = YES_AGGRESSIVE;
				CLANG_CXX_LANGUAGE_STANDARD = "gnu++14";
				CLANG_CXX_LIBRARY = "libc++";
				CLANG_ENABLE_MODULES = YES;
				CLANG_ENABLE_OBJC_ARC = YES;
				CLANG_ENABLE_OBJC_WEAK = YES;
				CLANG_WARN_BLOCK_CAPTURE_AUTORELEASING = YES;
				CLANG_WARN_BOOL_CONVERSION = YES;
				CLANG_WARN_COMMA = YES;
				CLANG_WARN_CONSTANT_CONVERSION = YES;
				CLANG_WARN_DEPRECATED_OBJC_IMPLEMENTATIONS = YES;
				CLANG_WARN_DIRECT_OBJC_ISA_USAGE = YES_ERROR;
				CLANG_WARN_DOCUMENTATION_COMMENTS = YES;
				CLANG_WARN_EMPTY_BODY = YES;
				CLANG_WARN_ENUM_CONVERSION = YES;
				CLANG_WARN_INFINITE_RECURSION = YES;
				CLANG_WARN_INT_CONVERSION = YES;
				CLANG_WARN_NON_LITERAL_NULL_CONVERSION = YES;
				CLANG_WARN_OBJC_IMPLICIT_RETAIN_SELF = YES;
				CLANG_WARN_OBJC_LITERAL_CONVERSION = YES;
				CLANG_WARN_OBJC_ROOT_CLASS = YES_ERROR;
				CLANG_WARN_QUOTED_INCLUDE_IN_FRAMEWORK_HEADER = YES;
				CLANG_WARN_RANGE_LOOP_ANALYSIS = YES;
				CLANG_WARN_STRICT_PROTOTYPES = YES;
				CLANG_WARN_SUSPICIOUS_MOVE = YES;
				CLANG_WARN_UNGUARDED_AVAILABILITY = YES_AGGRESSIVE;
				CLANG_WARN_UNREACHABLE_CODE = YES;
				CLANG_WARN__DUPLICATE_METHOD_MATCH = YES;
				COPY_PHASE_STRIP = NO;
				DEBUG_INFORMATION_FORMAT = "dwarf-with-dsym";
				ENABLE_NS_ASSERTIONS = NO;
				ENABLE_STRICT_OBJC_MSGSEND = YES;
				GCC_C_LANGUAGE_STANDARD = gnu11;
				GCC_NO_COMMON_BLOCKS = YES;
				GCC_WARN_64_TO_32_BIT_CONVERSION = YES;
				GCC_WARN_ABOUT_RETURN_TYPE = YES_ERROR;
				GCC_WARN_UNDECLARED_SELECTOR = YES;
				GCC_WARN_UNINITIALIZED_AUTOS = YES_AGGRESSIVE;
				GCC_WARN_UNUSED_FUNCTION = YES;
				GCC_WARN_UNUSED_VARIABLE = YES;
				IPHONEOS_DEPLOYMENT_TARGET = 14.5;
				MTL_ENABLE_DEBUG_INFO = NO;
				MTL_FAST_MATH = YES;
				SDKROOT = iphoneos;
				SWIFT_COMPILATION_MODE = wholemodule;
				SWIFT_OPTIMIZATION_LEVEL = "-O";
				VALIDATE_PRODUCT = YES;
			};
			name = Release;
		};
		11F05CBC26C7A6210056041B /* Debug */ = {
			isa = XCBuildConfiguration;
			buildSettings = {
				ASSETCATALOG_COMPILER_APPICON_NAME = AppIcon;
				ASSETCATALOG_COMPILER_GLOBAL_ACCENT_COLOR_NAME = AccentColor;
				CODE_SIGN_STYLE = Automatic;
				DEVELOPMENT_TEAM = 87XLAJ742B;
				INFOPLIST_FILE = SMCompositionalLayoutTutorial/Info.plist;
				LD_RUNPATH_SEARCH_PATHS = (
					"$(inherited)",
					"@executable_path/Frameworks",
				);
				PRODUCT_BUNDLE_IDENTIFIER = com.manasseh.SMCompositionalLayoutTutorial;
				PRODUCT_NAME = "$(TARGET_NAME)";
				SWIFT_VERSION = 5.0;
				TARGETED_DEVICE_FAMILY = "1,2";
			};
			name = Debug;
		};
		11F05CBD26C7A6210056041B /* Release */ = {
			isa = XCBuildConfiguration;
			buildSettings = {
				ASSETCATALOG_COMPILER_APPICON_NAME = AppIcon;
				ASSETCATALOG_COMPILER_GLOBAL_ACCENT_COLOR_NAME = AccentColor;
				CODE_SIGN_STYLE = Automatic;
				DEVELOPMENT_TEAM = 87XLAJ742B;
				INFOPLIST_FILE = SMCompositionalLayoutTutorial/Info.plist;
				LD_RUNPATH_SEARCH_PATHS = (
					"$(inherited)",
					"@executable_path/Frameworks",
				);
				PRODUCT_BUNDLE_IDENTIFIER = com.manasseh.SMCompositionalLayoutTutorial;
				PRODUCT_NAME = "$(TARGET_NAME)";
				SWIFT_VERSION = 5.0;
				TARGETED_DEVICE_FAMILY = "1,2";
			};
			name = Release;
		};
		11F05CBF26C7A6210056041B /* Debug */ = {
			isa = XCBuildConfiguration;
			buildSettings = {
				ALWAYS_EMBED_SWIFT_STANDARD_LIBRARIES = YES;
				BUNDLE_LOADER = "$(TEST_HOST)";
				CODE_SIGN_STYLE = Automatic;
				DEVELOPMENT_TEAM = 87XLAJ742B;
				INFOPLIST_FILE = SMCompositionalLayoutTutorialTests/Info.plist;
				IPHONEOS_DEPLOYMENT_TARGET = 14.5;
				LD_RUNPATH_SEARCH_PATHS = (
					"$(inherited)",
					"@executable_path/Frameworks",
					"@loader_path/Frameworks",
				);
				PRODUCT_BUNDLE_IDENTIFIER = com.manasseh.SMCompositionalLayoutTutorialTests;
				PRODUCT_NAME = "$(TARGET_NAME)";
				SWIFT_VERSION = 5.0;
				TARGETED_DEVICE_FAMILY = "1,2";
				TEST_HOST = "$(BUILT_PRODUCTS_DIR)/SMCompositionalLayoutTutorial.app/SMCompositionalLayoutTutorial";
			};
			name = Debug;
		};
		11F05CC026C7A6210056041B /* Release */ = {
			isa = XCBuildConfiguration;
			buildSettings = {
				ALWAYS_EMBED_SWIFT_STANDARD_LIBRARIES = YES;
				BUNDLE_LOADER = "$(TEST_HOST)";
				CODE_SIGN_STYLE = Automatic;
				DEVELOPMENT_TEAM = 87XLAJ742B;
				INFOPLIST_FILE = SMCompositionalLayoutTutorialTests/Info.plist;
				IPHONEOS_DEPLOYMENT_TARGET = 14.5;
				LD_RUNPATH_SEARCH_PATHS = (
					"$(inherited)",
					"@executable_path/Frameworks",
					"@loader_path/Frameworks",
				);
				PRODUCT_BUNDLE_IDENTIFIER = com.manasseh.SMCompositionalLayoutTutorialTests;
				PRODUCT_NAME = "$(TARGET_NAME)";
				SWIFT_VERSION = 5.0;
				TARGETED_DEVICE_FAMILY = "1,2";
				TEST_HOST = "$(BUILT_PRODUCTS_DIR)/SMCompositionalLayoutTutorial.app/SMCompositionalLayoutTutorial";
			};
			name = Release;
		};
		11F05CC226C7A6210056041B /* Debug */ = {
			isa = XCBuildConfiguration;
			buildSettings = {
				ALWAYS_EMBED_SWIFT_STANDARD_LIBRARIES = YES;
				CODE_SIGN_STYLE = Automatic;
				DEVELOPMENT_TEAM = 87XLAJ742B;
				INFOPLIST_FILE = SMCompositionalLayoutTutorialUITests/Info.plist;
				LD_RUNPATH_SEARCH_PATHS = (
					"$(inherited)",
					"@executable_path/Frameworks",
					"@loader_path/Frameworks",
				);
				PRODUCT_BUNDLE_IDENTIFIER = com.manasseh.SMCompositionalLayoutTutorialUITests;
				PRODUCT_NAME = "$(TARGET_NAME)";
				SWIFT_VERSION = 5.0;
				TARGETED_DEVICE_FAMILY = "1,2";
				TEST_TARGET_NAME = SMCompositionalLayoutTutorial;
			};
			name = Debug;
		};
		11F05CC326C7A6210056041B /* Release */ = {
			isa = XCBuildConfiguration;
			buildSettings = {
				ALWAYS_EMBED_SWIFT_STANDARD_LIBRARIES = YES;
				CODE_SIGN_STYLE = Automatic;
				DEVELOPMENT_TEAM = 87XLAJ742B;
				INFOPLIST_FILE = SMCompositionalLayoutTutorialUITests/Info.plist;
				LD_RUNPATH_SEARCH_PATHS = (
					"$(inherited)",
					"@executable_path/Frameworks",
					"@loader_path/Frameworks",
				);
				PRODUCT_BUNDLE_IDENTIFIER = com.manasseh.SMCompositionalLayoutTutorialUITests;
				PRODUCT_NAME = "$(TARGET_NAME)";
				SWIFT_VERSION = 5.0;
				TARGETED_DEVICE_FAMILY = "1,2";
				TEST_TARGET_NAME = SMCompositionalLayoutTutorial;
			};
			name = Release;
		};
/* End XCBuildConfiguration section */

/* Begin XCConfigurationList section */
		11F05C8C26C7A61F0056041B /* Build configuration list for PBXProject "SMCompositionalLayoutTutorial" */ = {
			isa = XCConfigurationList;
			buildConfigurations = (
				11F05CB926C7A6210056041B /* Debug */,
				11F05CBA26C7A6210056041B /* Release */,
			);
			defaultConfigurationIsVisible = 0;
			defaultConfigurationName = Release;
		};
		11F05CBB26C7A6210056041B /* Build configuration list for PBXNativeTarget "SMCompositionalLayoutTutorial" */ = {
			isa = XCConfigurationList;
			buildConfigurations = (
				11F05CBC26C7A6210056041B /* Debug */,
				11F05CBD26C7A6210056041B /* Release */,
			);
			defaultConfigurationIsVisible = 0;
			defaultConfigurationName = Release;
		};
		11F05CBE26C7A6210056041B /* Build configuration list for PBXNativeTarget "SMCompositionalLayoutTutorialTests" */ = {
			isa = XCConfigurationList;
			buildConfigurations = (
				11F05CBF26C7A6210056041B /* Debug */,
				11F05CC026C7A6210056041B /* Release */,
			);
			defaultConfigurationIsVisible = 0;
			defaultConfigurationName = Release;
		};
		11F05CC126C7A6210056041B /* Build configuration list for PBXNativeTarget "SMCompositionalLayoutTutorialUITests" */ = {
			isa = XCConfigurationList;
			buildConfigurations = (
				11F05CC226C7A6210056041B /* Debug */,
				11F05CC326C7A6210056041B /* Release */,
			);
			defaultConfigurationIsVisible = 0;
			defaultConfigurationName = Release;
		};
/* End XCConfigurationList section */
	};
	rootObject = 11F05C8926C7A61F0056041B /* Project object */;
}
